
Microsoft Visual Studio Solution File, Format Version 12.00
# Visual Studio Version 17
VisualStudioVersion = 17.7.34024.191
MinimumVisualStudioVersion = 10.0.40219.1
Project("{9A19103F-16F7-4668-BE54-9A1E7A4F7556}") = "Corellian.Versio.Playground", "Corellian.Versio.Playground\Corellian.Versio.Playground.csproj", "{7CF2C217-4307-43E2-AB90-8FD916F3F44C}"
EndProject
Project("{9A19103F-16F7-4668-BE54-9A1E7A4F7556}") = "Corellian.Versio", "Corellian.Versio\Corellian.Versio.csproj", "{F9879A15-6FFB-4EE8-8B9D-3A540DDAB2F5}"
EndProject
Project("{9A19103F-16F7-4668-BE54-9A1E7A4F7556}") = "Corellian.Versio.Task", "Corellian.Versio.Task\Corellian.Versio.Task.csproj", "{3C704DC2-B073-4BB2-84D5-1BEA0002B799}"
EndProject
Project("{2150E333-8FDC-42A3-9474-1A3956D46DE8}") = "Solution Items", "Solution Items", "{C1127327-7716-4F78-B4ED-4BE48BD95DF8}"
	ProjectSection(SolutionItems) = preProject
		Directory.Build.props = Directory.Build.props
		Pack.cmd = Pack.cmd
	EndProjectSection
EndProject
Project("{FAE04EC0-301F-11D3-BF4B-00C04F79EFBC}") = "Corellian.Versio.MsBuild", "Corellian.Versio.MsBuild\Corellian.Versio.MsBuild.csproj", "{125FAF88-EACB-4FBB-A01D-978A81A898F6}"
EndProject
Global
	GlobalSection(SolutionConfigurationPlatforms) = preSolution
		Debug|Any CPU = Debug|Any CPU
		Release|Any CPU = Release|Any CPU
	EndGlobalSection
	GlobalSection(ProjectConfigurationPlatforms) = postSolution
		{7CF2C217-4307-43E2-AB90-8FD916F3F44C}.Debug|Any CPU.ActiveCfg = Debug|Any CPU
		{7CF2C217-4307-43E2-AB90-8FD916F3F44C}.Debug|Any CPU.Build.0 = Debug|Any CPU
		{7CF2C217-4307-43E2-AB90-8FD916F3F44C}.Release|Any CPU.ActiveCfg = Release|Any CPU
		{7CF2C217-4307-43E2-AB90-8FD916F3F44C}.Release|Any CPU.Build.0 = Release|Any CPU
		{F9879A15-6FFB-4EE8-8B9D-3A540DDAB2F5}.Debug|Any CPU.ActiveCfg = Debug|Any CPU
		{F9879A15-6FFB-4EE8-8B9D-3A540DDAB2F5}.Debug|Any CPU.Build.0 = Debug|Any CPU
		{F9879A15-6FFB-4EE8-8B9D-3A540DDAB2F5}.Release|Any CPU.ActiveCfg = Release|Any CPU
		{F9879A15-6FFB-4EE8-8B9D-3A540DDAB2F5}.Release|Any CPU.Build.0 = Release|Any CPU
		{3C704DC2-B073-4BB2-84D5-1BEA0002B799}.Debug|Any CPU.ActiveCfg = Debug|Any CPU
		{3C704DC2-B073-4BB2-84D5-1BEA0002B799}.Debug|Any CPU.Build.0 = Debug|Any CPU
		{3C704DC2-B073-4BB2-84D5-1BEA0002B799}.Release|Any CPU.ActiveCfg = Release|Any CPU
		{3C704DC2-B073-4BB2-84D5-1BEA0002B799}.Release|Any CPU.Build.0 = Release|Any CPU
		{125FAF88-EACB-4FBB-A01D-978A81A898F6}.Debug|Any CPU.ActiveCfg = Debug|Any CPU
		{125FAF88-EACB-4FBB-A01D-978A81A898F6}.Debug|Any CPU.Build.0 = Debug|Any CPU
		{125FAF88-EACB-4FBB-A01D-978A81A898F6}.Release|Any CPU.ActiveCfg = Release|Any CPU
		{125FAF88-EACB-4FBB-A01D-978A81A898F6}.Release|Any CPU.Build.0 = Release|Any CPU
	EndGlobalSection
	GlobalSection(SolutionProperties) = preSolution
		HideSolutionNode = FALSE
	EndGlobalSection
	GlobalSection(ExtensibilityGlobals) = postSolution
		SolutionGuid = {4D7D3CBD-77E9-44BF-9F34-8E130E0FF350}
	EndGlobalSection
EndGlobal
